
Microsoft Visual Studio Solution File, Format Version 12.00
# Visual Studio Version 17
VisualStudioVersion = 17.5.33530.505
MinimumVisualStudioVersion = 10.0.40219.1
Project("{FAE04EC0-301F-11D3-BF4B-00C04F79EFBC}") = "Restaurant10TablesReservationSystem", "Restaurant10TablesReservationSystem\Restaurant10TablesReservationSystem.csproj", "{440230F0-183B-4957-BB8A-1B53DDFDBBDD}"
EndProject
Global
	GlobalSection(SolutionConfigurationPlatforms) = preSolution
		Debug|Any CPU = Debug|Any CPU
		Release|Any CPU = Release|Any CPU
	EndGlobalSection
	GlobalSection(ProjectConfigurationPlatforms) = postSolution
		{440230F0-183B-4957-BB8A-1B53DDFDBBDD}.Debug|Any CPU.ActiveCfg = Debug|Any CPU
		{440230F0-183B-4957-BB8A-1B53DDFDBBDD}.Debug|Any CPU.Build.0 = Debug|Any CPU
		{440230F0-183B-4957-BB8A-1B53DDFDBBDD}.Release|Any CPU.ActiveCfg = Release|Any CPU
		{440230F0-183B-4957-BB8A-1B53DDFDBBDD}.Release|Any CPU.Build.0 = Release|Any CPU
	EndGlobalSection
	GlobalSection(SolutionProperties) = preSolution
		HideSolutionNode = FALSE
	EndGlobalSection
	GlobalSection(ExtensibilityGlobals) = postSolution
		SolutionGuid = {6178DEA9-D13B-403D-A450-8B2123A04011}
	EndGlobalSection
EndGlobal
